
Microsoft Visual Studio Solution File, Format Version 12.00
# Visual Studio Version 17
VisualStudioVersion = 17.3.32901.215
MinimumVisualStudioVersion = 10.0.40219.1
Project("{FAE04EC0-301F-11D3-BF4B-00C04F79EFBC}") = "HW2_Moroz", "HW2_Moroz\HW2_Moroz.csproj", "{0ED1BF84-CFE2-47C0-A3A3-60B9C8157970}"
EndProject
Global
	GlobalSection(SolutionConfigurationPlatforms) = preSolution
		Debug|Any CPU = Debug|Any CPU
		Release|Any CPU = Release|Any CPU
	EndGlobalSection
	GlobalSection(ProjectConfigurationPlatforms) = postSolution
		{0ED1BF84-CFE2-47C0-A3A3-60B9C8157970}.Debug|Any CPU.ActiveCfg = Debug|Any CPU
		{0ED1BF84-CFE2-47C0-A3A3-60B9C8157970}.Debug|Any CPU.Build.0 = Debug|Any CPU
		{0ED1BF84-CFE2-47C0-A3A3-60B9C8157970}.Release|Any CPU.ActiveCfg = Release|Any CPU
		{0ED1BF84-CFE2-47C0-A3A3-60B9C8157970}.Release|Any CPU.Build.0 = Release|Any CPU
	EndGlobalSection
	GlobalSection(SolutionProperties) = preSolution
		HideSolutionNode = FALSE
	EndGlobalSection
	GlobalSection(ExtensibilityGlobals) = postSolution
		SolutionGuid = {F2E36F1F-BB51-44C5-833E-74EA53219563}
	EndGlobalSection
EndGlobal
